
Microsoft Visual Studio Solution File, Format Version 12.00
# Visual Studio Version 17
VisualStudioVersion = 17.0.31903.59
MinimumVisualStudioVersion = 10.0.40219.1
Project("{FAE04EC0-301F-11D3-BF4B-00C04F79EFBC}") = "SergeiM.Soap", "SergeiM.Soap\SergeiM.Soap.csproj", "{32A84450-FF99-4DC8-B1B9-A4C06515E2A3}"
EndProject
Project("{FAE04EC0-301F-11D3-BF4B-00C04F79EFBC}") = "SergeiM.Soap.Tests", "SergeiM.Soap.Tests\SergeiM.Soap.Tests.csproj", "{3EBC39FC-8303-433F-AC76-39B653C5FA07}"
EndProject
Global
	GlobalSection(SolutionConfigurationPlatforms) = preSolution
		Debug|Any CPU = Debug|Any CPU
		Release|Any CPU = Release|Any CPU
	EndGlobalSection
	GlobalSection(SolutionProperties) = preSolution
		HideSolutionNode = FALSE
	EndGlobalSection
	GlobalSection(ProjectConfigurationPlatforms) = postSolution
		{32A84450-FF99-4DC8-B1B9-A4C06515E2A3}.Debug|Any CPU.ActiveCfg = Debug|Any CPU
		{32A84450-FF99-4DC8-B1B9-A4C06515E2A3}.Debug|Any CPU.Build.0 = Debug|Any CPU
		{32A84450-FF99-4DC8-B1B9-A4C06515E2A3}.Release|Any CPU.ActiveCfg = Release|Any CPU
		{32A84450-FF99-4DC8-B1B9-A4C06515E2A3}.Release|Any CPU.Build.0 = Release|Any CPU
		{3EBC39FC-8303-433F-AC76-39B653C5FA07}.Debug|Any CPU.ActiveCfg = Debug|Any CPU
		{3EBC39FC-8303-433F-AC76-39B653C5FA07}.Debug|Any CPU.Build.0 = Debug|Any CPU
		{3EBC39FC-8303-433F-AC76-39B653C5FA07}.Release|Any CPU.ActiveCfg = Release|Any CPU
		{3EBC39FC-8303-433F-AC76-39B653C5FA07}.Release|Any CPU.Build.0 = Release|Any CPU
	EndGlobalSection
EndGlobal
